# generated by rye
# use `rye lock` or `rye sync` to update this lockfile
#
# last locked with the following flags:
#   pre: false
#   features: []
#   all-features: false
#   with-sources: false
#   generate-hashes: false

acryl-datahub==0.13.3
adrf==0.1.6
aiohttp==3.9.5
    # via acryl-datahub
    # via fastapi-cache2
    # via instructor
    # via litellm
aiosignal==1.3.1
    # via aiohttp
aiostream==0.5.2
    # via hatchet-sdk
annotated-types==0.7.0
    # via pydantic
anyio==4.4.0
    # via httpx
    # via openai
    # via sse-starlette
    # via starlette
    # via watchfiles
asgiref==3.8.1
    # via channels
    # via django
    # via django-cors-headers
asn1crypto==1.5.1
    # via snowflake-connector-python
async-property==0.2.2
    # via adrf
atpublic==4.1.0
    # via turntable-spoonbill
attrs==23.2.0
    # via aiohttp
    # via jsonschema
    # via referencing
avro==1.11.3
    # via acryl-datahub
    # via avro-gen3
avro-gen3==0.7.13
    # via acryl-datahub
backoff==2.2.1
    # via posthog
beartype==0.18.5
    # via plum-dispatch
beautifulsoup4==4.12.3
    # via bs4
bidict==0.23.1
    # via turntable-spoonbill
bitarray==2.9.2
    # via netext
black==24.4.2
    # via shandy-sqlfmt
boto3==1.34.20
    # via django-storages
botocore==1.34.141
    # via boto3
    # via s3transfer
bs4==0.0.2
cached-property==1.5.2
    # via acryl-datahub
cachetools==5.3.3
    # via google-auth
    # via netext
certifi==2024.6.2
    # via httpcore
    # via httpx
    # via pyogrio
    # via pyproj
    # via requests
    # via sentry-sdk
    # via snowflake-connector-python
cffi==1.16.0
    # via cryptography
    # via pynacl
    # via snowflake-connector-python
channels==4.1.0
charset-normalizer==3.3.2
    # via requests
    # via snowflake-connector-python
click==8.1.7
    # via acryl-datahub
    # via black
    # via click-default-group
    # via litellm
    # via shandy-sqlfmt
    # via typer
    # via uvicorn
click-default-group==1.2.4
    # via acryl-datahub
click-spinner==0.1.10
    # via acryl-datahub
contourpy==1.2.1
    # via matplotlib
cryptography==42.0.8
    # via pyjwt
    # via pyopenssl
    # via snowflake-connector-python
    # via social-auth-core
cycler==0.12.1
    # via matplotlib
db-dtypes==1.2.0
    # via turntable-spoonbill
dbt-extractor==0.5.1
dbtenv @ git+https://github.com/turntable-so/dbtenv.git@e1de6455270784da76ee2b6734325cc1a79a3d4e#subdirectory=dbtenv
deepmerge==1.1.1
    # via turntable-cli
defusedxml==0.7.1
    # via python3-openid
    # via social-auth-core
deprecated==1.2.14
    # via acryl-datahub
    # via pygithub
deprecation==2.1.0
    # via postgrest
dill==0.3.8
    # via multiprocess
diskcache==5.6.3
distro==1.9.0
    # via openai
dj-database-url==2.2.0
dj-rest-auth==6.0.0
django==5.0.6
    # via adrf
    # via channels
    # via dj-database-url
    # via dj-rest-auth
    # via django-allauth
    # via django-cors-headers
    # via django-health-check
    # via django-invitations
    # via django-polymorphic
    # via django-storages
    # via djangorestframework
    # via djangorestframework-simplejwt
    # via djoser
    # via social-auth-app-django
django-allauth==0.61.1
    # via dj-rest-auth
django-cors-headers==4.4.0
django-health-check==3.18.3
django-invitations==2.1.0
django-polymorphic @ git+https://github.com/jazzband/django-polymorphic.git@1039f882b99f97bf657bd958c949ee6a3b00377a
django-storages==1.14.3
django-templated-mail==1.1.1
    # via djoser
djangorestframework==3.15.2
    # via adrf
    # via dj-rest-auth
    # via djangorestframework-simplejwt
djangorestframework-simplejwt==5.3.1
    # via djoser
djoser==2.2.3
dnspython==2.6.1
    # via email-validator
docker==7.1.0
    # via acryl-datahub
docstring-parser==0.16
    # via instructor
duckdb==1.0.0
    # via turntable-spoonbill
email-validator==2.2.0
    # via fastapi
expandvars==0.12.0
    # via acryl-datahub
fastapi==0.111.0
    # via fastapi-cache2
fastapi-cache2 @ git+https://github.com/turntable-so/fastapi-cache@2c04eaaa1174f44ee44a2094e8a4c859bc7cd9ed
fastapi-cli==0.0.4
    # via fastapi
fernet==1.0.1
filelock==3.15.4
    # via huggingface-hub
    # via snowflake-connector-python
fonttools==4.53.0
    # via matplotlib
frozenlist==1.4.1
    # via aiohttp
    # via aiosignal
fsspec==2024.6.1
    # via huggingface-hub
geopandas==1.0.1
githubkit==0.11.6
google-api-core==2.19.1
    # via google-cloud-bigquery
    # via google-cloud-bigquery-storage
    # via google-cloud-core
google-auth==2.31.0
    # via google-api-core
    # via google-auth-oauthlib
    # via google-cloud-bigquery
    # via google-cloud-bigquery-storage
    # via google-cloud-core
    # via pydata-google-auth
google-auth-oauthlib==1.2.0
    # via pydata-google-auth
google-cloud-bigquery==3.25.0
    # via turntable-spoonbill
google-cloud-bigquery-storage==2.25.0
    # via turntable-spoonbill
google-cloud-core==2.4.1
    # via google-cloud-bigquery
google-crc32c==1.5.0
    # via google-resumable-media
google-resumable-media==2.7.1
    # via google-cloud-bigquery
googleapis-common-protos==1.63.2
    # via google-api-core
    # via grpcio-status
gotrue==2.5.4
    # via supabase
grandalf==0.7
    # via netext
grpcio==1.64.1
    # via google-api-core
    # via grpcio-status
    # via grpcio-tools
    # via hatchet-sdk
grpcio-status==1.62.2
    # via google-api-core
grpcio-tools==1.62.2
    # via hatchet-sdk
gunicorn==22.0.0
h11==0.14.0
    # via httpcore
    # via uvicorn
hatchet-sdk==0.27.1
hishel==0.0.26
    # via githubkit
httpcore==1.0.5
    # via httpx
httptools==0.6.1
    # via uvicorn
httpx==0.27.0
    # via fastapi
    # via githubkit
    # via gotrue
    # via hishel
    # via openai
    # via postgrest
    # via storage3
    # via supabase
    # via supafunc
huggingface-hub==0.23.4
    # via tokenizers
humanfriendly==10.0
    # via acryl-datahub
idna==3.7
    # via anyio
    # via email-validator
    # via httpx
    # via requests
    # via snowflake-connector-python
    # via yarl
ijson==3.3.0
    # via acryl-datahub
importlib-metadata==8.0.0
    # via litellm
iniconfig==2.0.0
    # via pytest
instructor==1.3.4
jinja2==3.1.4
    # via fastapi
    # via litellm
    # via shandy-sqlfmt
jiter==0.4.2
    # via instructor
jmespath==0.10.0
    # via boto3
    # via botocore
jsonref==1.1.0
    # via acryl-datahub
jsonschema==4.22.0
    # via acryl-datahub
    # via litellm
jsonschema-specifications==2023.12.1
    # via jsonschema
kiwisolver==1.4.5
    # via matplotlib
lets-plot==4.3.3
linkify-it-py==2.0.3
    # via markdown-it-py
litellm==1.41.4
logtail-python==0.3.0
    # via turntable-cli
loguru==0.7.2
    # via hatchet-sdk
markdown-it-py==3.0.0
    # via mdit-py-plugins
    # via rich
    # via textual
markupsafe==2.1.5
    # via jinja2
matplotlib==3.9.0
    # via networkx
mdit-py-plugins==0.4.1
    # via markdown-it-py
mdurl==0.1.2
    # via markdown-it-py
mixpanel==4.10.1
    # via acryl-datahub
monotonic==1.6
    # via posthog
mpire==2.10.2
    # via turntable-cli
msgpack==1.0.8
    # via logtail-python
multidict==6.0.5
    # via aiohttp
    # via yarl
multiprocess==0.70.16
    # via mpire
mypy-extensions==1.0.0
    # via black
    # via typing-inspect
nest-asyncio==1.6.0
    # via hatchet-sdk
netext==0.2.1
networkx==3.3
    # via netext
    # via turntable-cli
ngrok==1.3.0
numpy==1.26.4
    # via contourpy
    # via db-dtypes
    # via geopandas
    # via matplotlib
    # via networkx
    # via pandas
    # via pgvector
    # via pyarrow
    # via pyogrio
    # via rustworkx
    # via scipy
    # via shapely
    # via turntable-spoonbill
oauthlib==3.2.2
    # via requests-oauthlib
    # via social-auth-core
openai==1.35.8
    # via instructor
    # via litellm
orjson==3.10.5
    # via fastapi
    # via turntable-cli
packaging==24.1
    # via acryl-datahub
    # via black
    # via db-dtypes
    # via deprecation
    # via geopandas
    # via google-cloud-bigquery
    # via gunicorn
    # via huggingface-hub
    # via matplotlib
    # via pyogrio
    # via pytest
    # via snowflake-connector-python
palettable==3.3.3
    # via lets-plot
pandas==2.2.2
    # via db-dtypes
    # via geopandas
    # via networkx
    # via turntable-cli
    # via turntable-spoonbill
parsy==2.1
    # via turntable-spoonbill
pathspec==0.12.1
    # via black
pendulum==3.0.0
    # via fastapi-cache2
pgvector==0.3.0
pillow==10.4.0
    # via matplotlib
platformdirs==4.2.2
    # via black
    # via shandy-sqlfmt
    # via snowflake-connector-python
pluggy==1.5.0
    # via pytest
plum-dispatch==2.5.0
    # via netext
postgrest==0.16.8
    # via supabase
posthog==3.5.0
    # via turntable-cli
progressbar2==4.4.2
    # via acryl-datahub
proto-plus==1.24.0
    # via google-api-core
    # via google-cloud-bigquery-storage
protobuf==4.25.3
    # via google-api-core
    # via google-cloud-bigquery-storage
    # via googleapis-common-protos
    # via grpcio-status
    # via grpcio-tools
    # via hatchet-sdk
    # via proto-plus
psutil==6.0.0
    # via acryl-datahub
psycopg2==2.9.9
psycopg2-binary==2.9.9
    # via turntable-spoonbill
pyaes==1.6.1
    # via fernet
pyarrow==16.1.0
    # via db-dtypes
    # via turntable-spoonbill
pyarrow-hotfix==0.6
    # via turntable-spoonbill
pyasn1==0.6.0
    # via pyasn1-modules
    # via rsa
pyasn1-modules==0.4.0
    # via google-auth
pycparser==2.22
    # via cffi
pydantic==2.8.0
    # via acryl-datahub
    # via fastapi
    # via githubkit
    # via gotrue
    # via hatchet-sdk
    # via instructor
    # via litellm
    # via openai
    # via postgrest
    # via turntable-cli
pydantic-core==2.20.0
    # via instructor
    # via pydantic
pydata-google-auth==1.8.2
    # via turntable-spoonbill
pygithub==2.3.0
    # via turntable-cli
pygments==2.18.0
    # via mpire
    # via rich
pyjwt==2.8.0
    # via django-allauth
    # via djangorestframework-simplejwt
    # via pygithub
    # via snowflake-connector-python
    # via social-auth-core
pynacl==1.5.0
    # via pygithub
pyogrio==0.9.0
    # via geopandas
pyopenssl==24.1.0
    # via snowflake-connector-python
pyparsing==3.1.2
    # via grandalf
    # via matplotlib
pypng==0.20220715.0
    # via lets-plot
pyproj==3.6.1
    # via geopandas
pytest==8.3.2
    # via pytest-asyncio
pytest-asyncio==0.23.8
python-dateutil==2.9.0.post0
    # via acryl-datahub
    # via botocore
    # via google-cloud-bigquery
    # via hatchet-sdk
    # via matplotlib
    # via pandas
    # via pendulum
    # via posthog
    # via realtime
    # via storage3
    # via time-machine
    # via turntable-cli
    # via turntable-spoonbill
python-dotenv==1.0.1
    # via hatchet-sdk
    # via litellm
    # via uvicorn
python-multipart==0.0.9
    # via fastapi
python-utils==3.8.2
    # via progressbar2
python3-openid==3.2.0
    # via django-allauth
    # via social-auth-core
pytz==2024.1
    # via pandas
    # via snowflake-connector-python
    # via turntable-spoonbill
pyyaml==6.0.1
    # via acryl-datahub
    # via dbtenv
    # via hatchet-sdk
    # via huggingface-hub
    # via turntable-cli
    # via uvicorn
    # via watchdog
realtime==1.0.6
    # via supabase
redis==5.0.7
    # via redis-cli
redis-cli==1.0.1
referencing==0.35.1
    # via jsonschema
    # via jsonschema-specifications
regex==2024.5.15
    # via tiktoken
    # via turntable-spoonbill
requests==2.32.3
    # via django-allauth
    # via docker
    # via google-api-core
    # via google-cloud-bigquery
    # via huggingface-hub
    # via litellm
    # via logtail-python
    # via mixpanel
    # via posthog
    # via pygithub
    # via requests-file
    # via requests-oauthlib
    # via snowflake-connector-python
    # via social-auth-core
    # via tiktoken
requests-file==2.1.0
    # via acryl-datahub
requests-oauthlib==2.0.0
    # via django-allauth
    # via google-auth-oauthlib
    # via social-auth-core
rich==13.7.1
    # via instructor
    # via netext
    # via plum-dispatch
    # via textual
    # via turntable-spoonbill
    # via typer
rpds-py==0.18.1
    # via jsonschema
    # via referencing
rsa==4.9
    # via google-auth
rtree==1.2.0
    # via netext
ruamel-yaml==0.18.6
    # via acryl-datahub
    # via turntable-cli
ruamel-yaml-clib==0.2.8
    # via ruamel-yaml
ruff==0.5.0
rustworkx==0.15.1
s3transfer==0.10.2
    # via boto3
scipy==1.14.0
    # via networkx
sentry-sdk==2.7.1
    # via acryl-datahub
setuptools==70.2.0
    # via grpcio-tools
    # via pydata-google-auth
shandy-sqlfmt==0.21.3
    # via turntable-cli
shapely==2.0.4
    # via geopandas
    # via netext
shellingham==1.5.4
    # via typer
six==1.16.0
    # via avro-gen3
    # via mixpanel
    # via posthog
    # via python-dateutil
sniffio==1.3.1
    # via anyio
    # via httpx
    # via openai
snowflake-connector-python==3.11.0
    # via turntable-spoonbill
social-auth-app-django==5.4.1
    # via djoser
social-auth-core==4.5.4
    # via social-auth-app-django
sortedcontainers==2.4.0
    # via snowflake-connector-python
soupsieve==2.5
    # via beautifulsoup4
sqlglot==25.0.3
    # via turntable-cli
    # via turntable-spoonbill
sqlglotrs==0.2.5
    # via sqlglot
sqlparse==0.5.0
    # via django
sse-starlette==2.1.2
starlette==0.37.2
    # via fastapi
    # via sse-starlette
storage3==0.7.6
    # via supabase
strenum==0.4.15
    # via postgrest
supabase==2.5.1
supafunc==0.4.6
    # via supabase
tabulate==0.9.0
    # via acryl-datahub
    # via turntable-cli
tenacity==8.4.2
    # via instructor
termcolor==2.4.0
    # via acryl-datahub
textual==0.71.0
tiktoken==0.7.0
    # via litellm
time-machine==2.14.2
    # via pendulum
tokenizers==0.19.1
    # via litellm
toml==0.10.2
    # via acryl-datahub
tomlkit==0.12.5
    # via snowflake-connector-python
toolz==0.12.1
    # via turntable-spoonbill
tqdm==4.66.4
    # via huggingface-hub
    # via mpire
    # via openai
    # via shandy-sqlfmt
turntable-cli==0.4.8
turntable-spoonbill==10.0.2
typer==0.12.3
    # via fastapi-cli
    # via instructor
    # via turntable-cli
typing-extensions==4.12.2
    # via acryl-datahub
    # via aiostream
    # via dj-database-url
    # via fastapi
    # via fastapi-cache2
    # via githubkit
    # via hishel
    # via huggingface-hub
    # via openai
    # via pydantic
    # via pydantic-core
    # via pygithub
    # via python-utils
    # via realtime
    # via snowflake-connector-python
    # via storage3
    # via textual
    # via turntable-spoonbill
    # via typer
    # via typing-inspect
typing-inspect==0.9.0
    # via acryl-datahub
tzdata==2024.1
    # via pandas
    # via pendulum
uc-micro-py==1.0.3
    # via linkify-it-py
ujson==5.10.0
    # via fastapi
urllib3==2.2.2
    # via botocore
    # via docker
    # via hatchet-sdk
    # via mixpanel
    # via pygithub
    # via requests
    # via sentry-sdk
uv==0.2.18
uvicorn==0.30.1
    # via fastapi
    # via fastapi-cache2
    # via sse-starlette
uvloop==0.19.0
    # via uvicorn
watchdog==4.0.1
watchfiles==0.22.0
    # via uvicorn
websockets==12.0
    # via realtime
    # via uvicorn
wrapt==1.16.0
    # via deprecated
yarl==1.9.4
    # via aiohttp
zipp==3.19.2
    # via importlib-metadata
