# generated by rye
# use `rye lock` or `rye sync` to update this lockfile
#
# last locked with the following flags:
#   pre: false
#   features: []
#   all-features: false
#   with-sources: false
#   generate-hashes: false

acryl-datahub==0.14.1
adrf==0.1.7
aiohappyeyeballs==2.4.2
    # via aiohttp
aiohttp==3.10.8
    # via acryl-datahub
    # via aiohttp-retry
    # via hatchet-sdk
    # via instructor
    # via litellm
    # via realtime
aiohttp-retry==2.8.3
    # via hatchet-sdk
aiosignal==1.3.1
    # via aiohttp
aiostream==0.5.2
    # via hatchet-sdk
annotated-types==0.7.0
    # via pydantic
anyio==4.6.0
    # via httpx
    # via openai
    # via sse-starlette
    # via starlette
    # via watchfiles
asgiref==3.8.1
    # via channels
    # via channels-redis
    # via daphne
    # via django
    # via django-cors-headers
asn1crypto==1.5.1
    # via snowflake-connector-python
async-property==0.2.2
    # via adrf
atpublic==4.1.0
    # via turntable-spoonbill
attrs==24.2.0
    # via aiohttp
    # via jsonschema
    # via referencing
    # via service-identity
    # via twisted
autobahn==24.4.2
    # via daphne
automat==24.8.1
    # via twisted
avro==1.11.3
    # via acryl-datahub
    # via avro-gen3
avro-gen3==0.7.16
    # via acryl-datahub
backoff==2.2.1
    # via posthog
beartype==0.19.0
    # via plum-dispatch
beautifulsoup4==4.12.3
    # via bs4
bidict==0.23.1
    # via turntable-spoonbill
bitarray==2.9.2
    # via netext
black==24.8.0
    # via shandy-sqlfmt
boto3==1.34.20
    # via django-storages
botocore==1.34.162
    # via boto3
    # via s3transfer
bs4==0.0.2
cached-property==1.5.2
    # via acryl-datahub
cachetools==5.5.0
    # via google-auth
    # via netext
certifi==2024.8.30
    # via httpcore
    # via httpx
    # via pyogrio
    # via pyproj
    # via requests
    # via sentry-sdk
    # via snowflake-connector-python
cffi==1.17.1
    # via cryptography
    # via pynacl
    # via snowflake-connector-python
channels==4.1.0
    # via channels-redis
channels-redis==4.2.0
charset-normalizer==3.3.2
    # via requests
    # via snowflake-connector-python
click==8.1.7
    # via acryl-datahub
    # via black
    # via click-default-group
    # via litellm
    # via shandy-sqlfmt
    # via typer
    # via uvicorn
click-default-group==1.2.4
    # via acryl-datahub
click-spinner==0.1.10
    # via acryl-datahub
constantly==23.10.4
    # via twisted
contourpy==1.3.0
    # via matplotlib
cryptography==43.0.1
    # via autobahn
    # via pyjwt
    # via pyopenssl
    # via service-identity
    # via snowflake-connector-python
    # via social-auth-core
cycler==0.12.1
    # via matplotlib
daphne==4.1.2
databricks-sql-connector==3.4.0
db-dtypes==1.3.0
    # via turntable-spoonbill
dbt-extractor==0.5.1
dbtx==0.0.3
deepmerge==2.0
    # via turntable-cli
defusedxml==0.7.1
    # via python3-openid
    # via social-auth-core
deprecated==1.2.14
    # via acryl-datahub
    # via pygithub
deprecation==2.1.0
    # via postgrest
dill==0.3.9
    # via multiprocess
diskcache==5.6.3
distro==1.9.0
    # via openai
dj-database-url==2.2.0
dj-rest-auth==6.0.0
django==5.1.1
    # via adrf
    # via channels
    # via dj-database-url
    # via dj-rest-auth
    # via django-allauth
    # via django-cors-headers
    # via django-health-check
    # via django-invitations
    # via django-pgbulk
    # via django-polymorphic
    # via django-storages
    # via djangorestframework
    # via djangorestframework-simplejwt
    # via djoser
    # via social-auth-app-django
django-allauth==0.61.1
    # via dj-rest-auth
django-cors-headers==4.4.0
django-health-check==3.18.3
django-invitations==2.1.0
django-pgbulk==3.0.1
django-polymorphic @ git+https://github.com/jazzband/django-polymorphic.git@1039f882b99f97bf657bd958c949ee6a3b00377a
django-storages==1.14.4
django-templated-mail==1.1.1
    # via djoser
djangorestframework==3.15.2
    # via adrf
    # via dj-rest-auth
    # via djangorestframework-simplejwt
djangorestframework-simplejwt==5.3.1
    # via djoser
djoser==2.2.3
docker==7.1.0
    # via acryl-datahub
docstring-parser==0.16
    # via instructor
duckdb==1.1.1
    # via turntable-spoonbill
et-xmlfile==1.1.0
    # via openpyxl
expandvars==0.12.0
    # via acryl-datahub
fastapi==0.115.0
fernet==1.0.1
filelock==3.16.1
    # via huggingface-hub
    # via snowflake-connector-python
fonttools==4.54.1
    # via matplotlib
frozenlist==1.4.1
    # via aiohttp
    # via aiosignal
fsspec==2024.9.0
    # via huggingface-hub
geopandas==1.0.1
gitdb==4.0.11
    # via gitpython
githubkit==0.11.11
gitpython==3.1.43
google-api-core==2.20.0
    # via google-cloud-bigquery
    # via google-cloud-bigquery-storage
    # via google-cloud-core
google-auth==2.35.0
    # via google-api-core
    # via google-auth-oauthlib
    # via google-cloud-bigquery
    # via google-cloud-bigquery-storage
    # via google-cloud-core
    # via pydata-google-auth
google-auth-oauthlib==1.2.1
    # via pydata-google-auth
google-cloud-bigquery==3.26.0
    # via turntable-spoonbill
google-cloud-bigquery-storage==2.26.0
    # via turntable-spoonbill
google-cloud-core==2.4.1
    # via google-cloud-bigquery
google-crc32c==1.6.0
    # via google-resumable-media
google-resumable-media==2.7.2
    # via google-cloud-bigquery
googleapis-common-protos==1.65.0
    # via google-api-core
    # via grpcio-status
gotrue==2.9.0
    # via supabase
grandalf==0.7
    # via netext
grpcio==1.66.2
    # via google-api-core
    # via grpcio-status
    # via grpcio-tools
    # via hatchet-sdk
grpcio-status==1.62.3
    # via google-api-core
grpcio-tools==1.62.3
    # via hatchet-sdk
gunicorn==23.0.0
h11==0.14.0
    # via httpcore
    # via uvicorn
h2==4.1.0
    # via httpx
hatchet-sdk==0.38.3
hishel==0.0.32
    # via githubkit
hpack==4.0.0
    # via h2
httpcore==1.0.5
    # via httpx
httptools==0.6.1
    # via uvicorn
httpx==0.27.2
    # via githubkit
    # via gotrue
    # via hishel
    # via openai
    # via postgrest
    # via storage3
    # via supabase
    # via supafunc
huggingface-hub==0.25.1
    # via tokenizers
humanfriendly==10.0
    # via acryl-datahub
hyperframe==6.0.1
    # via h2
hyperlink==21.0.0
    # via autobahn
    # via twisted
idna==3.10
    # via anyio
    # via httpx
    # via hyperlink
    # via requests
    # via snowflake-connector-python
    # via twisted
    # via yarl
ijson==3.3.0
    # via acryl-datahub
importlib-metadata==6.11.0
    # via litellm
incremental==24.7.2
    # via twisted
iniconfig==2.0.0
    # via pytest
instructor==1.4.3
jinja2==3.1.4
    # via litellm
    # via shandy-sqlfmt
jiter==0.5.0
    # via instructor
    # via openai
jmespath==1.0.1
    # via boto3
    # via botocore
jsonref==1.1.0
    # via acryl-datahub
jsonschema==4.23.0
    # via acryl-datahub
    # via litellm
jsonschema-specifications==2023.12.1
    # via jsonschema
kiwisolver==1.4.7
    # via matplotlib
lets-plot==4.4.1
linkify-it-py==2.0.3
    # via markdown-it-py
litellm==1.48.6
logtail-python==0.3.1
    # via turntable-cli
loguru==0.7.2
    # via hatchet-sdk
lz4==4.3.3
    # via databricks-sql-connector
markdown-it-py==3.0.0
    # via mdit-py-plugins
    # via rich
    # via textual
markupsafe==2.1.5
    # via jinja2
matplotlib==3.9.2
    # via networkx
mdit-py-plugins==0.4.2
    # via markdown-it-py
mdurl==0.1.2
    # via markdown-it-py
mixpanel==4.10.1
    # via acryl-datahub
monotonic==1.6
    # via posthog
mpire==2.10.2
    # via turntable-cli
msgpack==1.1.0
    # via channels-redis
    # via logtail-python
multidict==6.1.0
    # via aiohttp
    # via yarl
multiprocess==0.70.16
    # via mpire
mypy-extensions==1.0.0
    # via black
    # via typing-inspect
nest-asyncio==1.6.0
    # via hatchet-sdk
netext==0.2.1
networkx==3.3
    # via netext
    # via turntable-cli
ngrok==1.4.0
numpy==1.26.4
    # via contourpy
    # via databricks-sql-connector
    # via db-dtypes
    # via geopandas
    # via matplotlib
    # via networkx
    # via pandas
    # via pgvector
    # via pyarrow
    # via pyogrio
    # via rustworkx
    # via scipy
    # via shapely
    # via turntable-spoonbill
oauthlib==3.2.2
    # via databricks-sql-connector
    # via requests-oauthlib
    # via social-auth-core
openai==1.50.2
    # via instructor
    # via litellm
openpyxl==3.1.5
    # via databricks-sql-connector
orjson==3.10.7
    # via turntable-cli
packaging==24.1
    # via acryl-datahub
    # via black
    # via db-dtypes
    # via deprecation
    # via geopandas
    # via google-cloud-bigquery
    # via gunicorn
    # via huggingface-hub
    # via matplotlib
    # via pyogrio
    # via pytest
    # via snowflake-connector-python
palettable==3.3.3
    # via lets-plot
pandas==2.2.3
    # via databricks-sql-connector
    # via db-dtypes
    # via geopandas
    # via networkx
    # via turntable-cli
    # via turntable-spoonbill
parsy==2.1
    # via turntable-spoonbill
pathspec==0.12.1
    # via black
pgvector==0.3.4
pillow==10.4.0
    # via matplotlib
platformdirs==4.3.6
    # via black
    # via shandy-sqlfmt
    # via snowflake-connector-python
    # via textual
pluggy==1.5.0
    # via pytest
plum-dispatch==2.5.2
    # via netext
postgrest==0.17.0
    # via supabase
posthog==3.6.6
    # via turntable-cli
progressbar2==4.5.0
    # via acryl-datahub
proto-plus==1.24.0
    # via google-api-core
    # via google-cloud-bigquery-storage
protobuf==4.25.5
    # via google-api-core
    # via google-cloud-bigquery-storage
    # via googleapis-common-protos
    # via grpcio-status
    # via grpcio-tools
    # via hatchet-sdk
    # via proto-plus
psutil==6.0.0
    # via acryl-datahub
psycopg==3.2.3
psycopg-binary==3.2.3
    # via psycopg
psycopg2-binary==2.9.9
    # via turntable-spoonbill
pyaes==1.6.1
    # via fernet
pyarrow==16.1.0
    # via databricks-sql-connector
    # via db-dtypes
    # via turntable-spoonbill
pyarrow-hotfix==0.6
    # via turntable-spoonbill
pyasn1==0.6.1
    # via pyasn1-modules
    # via rsa
    # via service-identity
pyasn1-modules==0.4.1
    # via google-auth
    # via service-identity
pycparser==2.22
    # via cffi
pydantic==2.8.2
    # via acryl-datahub
    # via fastapi
    # via githubkit
    # via gotrue
    # via hatchet-sdk
    # via instructor
    # via litellm
    # via openai
    # via postgrest
    # via turntable-cli
pydantic-core==2.20.1
    # via instructor
    # via pydantic
pydata-google-auth==1.8.2
    # via turntable-spoonbill
pygithub==2.4.0
    # via turntable-cli
pygments==2.18.0
    # via mpire
    # via rich
pyjwt==2.9.0
    # via django-allauth
    # via djangorestframework-simplejwt
    # via pygithub
    # via snowflake-connector-python
    # via social-auth-core
pynacl==1.5.0
    # via pygithub
pyogrio==0.10.0
    # via geopandas
pyopenssl==24.2.1
    # via snowflake-connector-python
    # via twisted
pyparsing==3.1.4
    # via grandalf
    # via matplotlib
pypng==0.20220715.0
    # via lets-plot
pyproj==3.6.1
    # via geopandas
pytest==8.3.3
    # via pytest-asyncio
pytest-asyncio==0.24.0
python-dateutil==2.9.0.post0
    # via acryl-datahub
    # via botocore
    # via google-cloud-bigquery
    # via hatchet-sdk
    # via matplotlib
    # via pandas
    # via posthog
    # via realtime
    # via storage3
    # via turntable-cli
    # via turntable-spoonbill
python-dotenv==1.0.1
    # via hatchet-sdk
    # via litellm
    # via uvicorn
python-utils==3.9.0
    # via progressbar2
python3-openid==3.2.0
    # via django-allauth
    # via social-auth-core
pytz==2024.2
    # via pandas
    # via snowflake-connector-python
    # via turntable-spoonbill
pyyaml==6.0.2
    # via acryl-datahub
    # via dbtx
    # via hatchet-sdk
    # via huggingface-hub
    # via turntable-cli
    # via uvicorn
    # via watchdog
realtime==2.0.5
    # via supabase
redis==5.1.0
    # via channels-redis
    # via redis-cli
redis-cli==1.0.1
referencing==0.35.1
    # via jsonschema
    # via jsonschema-specifications
regex==2024.9.11
    # via tiktoken
    # via turntable-spoonbill
requests==2.32.3
    # via databricks-sql-connector
    # via django-allauth
    # via docker
    # via google-api-core
    # via google-cloud-bigquery
    # via huggingface-hub
    # via litellm
    # via logtail-python
    # via mixpanel
    # via posthog
    # via pygithub
    # via requests-file
    # via requests-oauthlib
    # via snowflake-connector-python
    # via social-auth-core
    # via tiktoken
requests-file==2.1.0
    # via acryl-datahub
requests-oauthlib==2.0.0
    # via django-allauth
    # via google-auth-oauthlib
    # via social-auth-core
rich==13.8.1
    # via instructor
    # via netext
    # via plum-dispatch
    # via textual
    # via turntable-spoonbill
    # via typer
rpds-py==0.20.0
    # via jsonschema
    # via referencing
rsa==4.9
    # via google-auth
rtree==1.3.0
    # via netext
ruamel-yaml==0.18.6
    # via acryl-datahub
    # via turntable-cli
ruamel-yaml-clib==0.2.8
    # via ruamel-yaml
ruff==0.6.8
rustworkx==0.15.1
s3transfer==0.10.2
    # via boto3
scipy==1.14.1
    # via networkx
sentry-sdk==2.14.0
    # via acryl-datahub
service-identity==24.1.0
    # via twisted
setuptools==75.1.0
    # via autobahn
    # via grpcio-tools
    # via incremental
    # via pydata-google-auth
    # via zope-interface
shandy-sqlfmt==0.23.2
    # via turntable-cli
shapely==2.0.6
    # via geopandas
    # via netext
shellingham==1.5.4
    # via typer
six==1.16.0
    # via avro-gen3
    # via mixpanel
    # via posthog
    # via python-dateutil
    # via thrift
smmap==5.0.1
    # via gitdb
sniffio==1.3.1
    # via anyio
    # via httpx
    # via openai
snowflake-connector-python==3.12.2
    # via turntable-spoonbill
social-auth-app-django==5.4.2
    # via djoser
social-auth-core==4.5.4
    # via social-auth-app-django
sortedcontainers==2.4.0
    # via snowflake-connector-python
soupsieve==2.6
    # via beautifulsoup4
sqlglot==25.0.3
    # via turntable-cli
    # via turntable-spoonbill
sqlglotrs==0.2.5
    # via sqlglot
sqlparse==0.5.1
    # via django
sse-starlette==2.1.3
starlette==0.38.6
    # via fastapi
    # via sse-starlette
storage3==0.8.0
    # via supabase
strenum==0.4.15
    # via postgrest
supabase==2.8.0
supafunc==0.6.0
    # via supabase
tabulate==0.9.0
    # via acryl-datahub
    # via turntable-cli
tenacity==8.5.0
    # via hatchet-sdk
    # via instructor
termcolor==2.4.0
    # via acryl-datahub
textual==0.81.0
thrift==0.20.0
    # via databricks-sql-connector
tiktoken==0.7.0
    # via litellm
tokenizers==0.20.0
    # via litellm
toml==0.10.2
    # via acryl-datahub
tomlkit==0.13.2
    # via snowflake-connector-python
toolz==0.12.1
    # via turntable-spoonbill
tqdm==4.66.5
    # via huggingface-hub
    # via mpire
    # via openai
    # via shandy-sqlfmt
turntable-cli==0.4.10
turntable-spoonbill==10.0.2
twisted==24.7.0
    # via daphne
txaio==23.1.1
    # via autobahn
typer==0.12.5
    # via instructor
    # via turntable-cli
typing-extensions==4.12.2
    # via acryl-datahub
    # via aiostream
    # via dj-database-url
    # via fastapi
    # via githubkit
    # via hishel
    # via huggingface-hub
    # via openai
    # via plum-dispatch
    # via psycopg
    # via pydantic
    # via pydantic-core
    # via pygithub
    # via python-utils
    # via realtime
    # via snowflake-connector-python
    # via storage3
    # via supabase
    # via textual
    # via turntable-spoonbill
    # via twisted
    # via typer
    # via typing-inspect
typing-inspect==0.9.0
    # via acryl-datahub
tzdata==2024.2
    # via pandas
uc-micro-py==1.0.3
    # via linkify-it-py
urllib3==2.2.3
    # via botocore
    # via databricks-sql-connector
    # via docker
    # via hatchet-sdk
    # via mixpanel
    # via pygithub
    # via requests
    # via sentry-sdk
uv==0.4.17
    # via dbtx
uvicorn==0.31.0
    # via sse-starlette
uvloop==0.20.0
    # via uvicorn
watchdog==5.0.3
watchfiles==0.24.0
    # via uvicorn
websockets==13.1
    # via realtime
    # via uvicorn
wrapt==1.16.0
    # via deprecated
yarl==1.13.1
    # via aiohttp
zipp==3.20.2
    # via importlib-metadata
zope-interface==7.1.0
    # via twisted
